
Microsoft Visual Studio Solution File, Format Version 12.00
# Visual Studio Version 17
VisualStudioVersion = 17.6.33815.320
MinimumVisualStudioVersion = 10.0.40219.1
Project("{8BC9CEB8-8B4A-11D0-8D11-00A0C91BC942}") = "Dot Product", "Dot Product\Dot Product.vcxproj", "{8B7E125A-9094-4664-BC74-C40385E21295}"
EndProject
Global
	GlobalSection(SolutionConfigurationPlatforms) = preSolution
		Debug|x64 = Debug|x64
		Debug|x86 = Debug|x86
		Release|x64 = Release|x64
		Release|x86 = Release|x86
	EndGlobalSection
	GlobalSection(ProjectConfigurationPlatforms) = postSolution
		{8B7E125A-9094-4664-BC74-C40385E21295}.Debug|x64.ActiveCfg = Debug|x64
		{8B7E125A-9094-4664-BC74-C40385E21295}.Debug|x64.Build.0 = Debug|x64
		{8B7E125A-9094-4664-BC74-C40385E21295}.Debug|x86.ActiveCfg = Debug|Win32
		{8B7E125A-9094-4664-BC74-C40385E21295}.Debug|x86.Build.0 = Debug|Win32
		{8B7E125A-9094-4664-BC74-C40385E21295}.Release|x64.ActiveCfg = Release|x64
		{8B7E125A-9094-4664-BC74-C40385E21295}.Release|x64.Build.0 = Release|x64
		{8B7E125A-9094-4664-BC74-C40385E21295}.Release|x86.ActiveCfg = Release|Win32
		{8B7E125A-9094-4664-BC74-C40385E21295}.Release|x86.Build.0 = Release|Win32
	EndGlobalSection
	GlobalSection(SolutionProperties) = preSolution
		HideSolutionNode = FALSE
	EndGlobalSection
	GlobalSection(ExtensibilityGlobals) = postSolution
		SolutionGuid = {9AF197AC-C8EF-405D-BC83-62E1F0ACF22D}
	EndGlobalSection
EndGlobal
